// !$*UTF8*$!
{
	archiveVersion = 1;
	classes = {
	};
	objectVersion = 56;
	objects = {

/* Begin PBXBuildFile section */
		541A7B5029264736005091DC /* DataStore.swift in Sources */ = {isa = PBXBuildFile; fileRef = 541A7B4F29264736005091DC /* DataStore.swift */; };
		544170742925164500F32C04 /* Models.swift in Sources */ = {isa = PBXBuildFile; fileRef = 544170732925164500F32C04 /* Models.swift */; };
		545947F82924B3A50088B3BC /* AppDelegate.swift in Sources */ = {isa = PBXBuildFile; fileRef = 545947F72924B3A50088B3BC /* AppDelegate.swift */; };
		545947FA2924B3A50088B3BC /* SceneDelegate.swift in Sources */ = {isa = PBXBuildFile; fileRef = 545947F92924B3A50088B3BC /* SceneDelegate.swift */; };
		545947FC2924B3A50088B3BC /* StartViewController.swift in Sources */ = {isa = PBXBuildFile; fileRef = 545947FB2924B3A50088B3BC /* StartViewController.swift */; };
		545947FF2924B3A50088B3BC /* Main.storyboard in Resources */ = {isa = PBXBuildFile; fileRef = 545947FD2924B3A50088B3BC /* Main.storyboard */; };
		545948012924B3A70088B3BC /* Assets.xcassets in Resources */ = {isa = PBXBuildFile; fileRef = 545948002924B3A70088B3BC /* Assets.xcassets */; };
		545948042924B3A70088B3BC /* LaunchScreen.storyboard in Resources */ = {isa = PBXBuildFile; fileRef = 545948022924B3A70088B3BC /* LaunchScreen.storyboard */; };
		5459480C2924C4230088B3BC /* CollectionViewController.swift in Sources */ = {isa = PBXBuildFile; fileRef = 5459480B2924C4230088B3BC /* CollectionViewController.swift */; };
		5459480E2924C4610088B3BC /* InfoAboutPets.swift in Sources */ = {isa = PBXBuildFile; fileRef = 5459480D2924C4610088B3BC /* InfoAboutPets.swift */; };
		545948102924C8630088B3BC /* InfoAboutDevelopers.swift in Sources */ = {isa = PBXBuildFile; fileRef = 5459480F2924C8630088B3BC /* InfoAboutDevelopers.swift */; };
		92795BA0292795590025FE55 /* PetCollectionViewCell.swift in Sources */ = {isa = PBXBuildFile; fileRef = 92795B9F292795590025FE55 /* PetCollectionViewCell.swift */; };
/* End PBXBuildFile section */

/* Begin PBXFileReference section */
		541A7B4F29264736005091DC /* DataStore.swift */ = {isa = PBXFileReference; lastKnownFileType = sourcecode.swift; path = DataStore.swift; sourceTree = "<group>"; };
		544170732925164500F32C04 /* Models.swift */ = {isa = PBXFileReference; lastKnownFileType = sourcecode.swift; path = Models.swift; sourceTree = "<group>"; };
		545947F42924B3A50088B3BC /* FindFriend.app */ = {isa = PBXFileReference; explicitFileType = wrapper.application; includeInIndex = 0; path = FindFriend.app; sourceTree = BUILT_PRODUCTS_DIR; };
		545947F72924B3A50088B3BC /* AppDelegate.swift */ = {isa = PBXFileReference; lastKnownFileType = sourcecode.swift; path = AppDelegate.swift; sourceTree = "<group>"; };
		545947F92924B3A50088B3BC /* SceneDelegate.swift */ = {isa = PBXFileReference; lastKnownFileType = sourcecode.swift; path = SceneDelegate.swift; sourceTree = "<group>"; };
		545947FB2924B3A50088B3BC /* StartViewController.swift */ = {isa = PBXFileReference; lastKnownFileType = sourcecode.swift; path = StartViewController.swift; sourceTree = "<group>"; };
		545947FE2924B3A50088B3BC /* Base */ = {isa = PBXFileReference; lastKnownFileType = file.storyboard; name = Base; path = Base.lproj/Main.storyboard; sourceTree = "<group>"; };
		545948002924B3A70088B3BC /* Assets.xcassets */ = {isa = PBXFileReference; lastKnownFileType = folder.assetcatalog; path = Assets.xcassets; sourceTree = "<group>"; };
		545948032924B3A70088B3BC /* Base */ = {isa = PBXFileReference; lastKnownFileType = file.storyboard; name = Base; path = Base.lproj/LaunchScreen.storyboard; sourceTree = "<group>"; };
		545948052924B3A70088B3BC /* Info.plist */ = {isa = PBXFileReference; lastKnownFileType = text.plist.xml; path = Info.plist; sourceTree = "<group>"; };
		5459480B2924C4230088B3BC /* CollectionViewController.swift */ = {isa = PBXFileReference; lastKnownFileType = sourcecode.swift; path = CollectionViewController.swift; sourceTree = "<group>"; };
		5459480D2924C4610088B3BC /* InfoAboutPets.swift */ = {isa = PBXFileReference; lastKnownFileType = sourcecode.swift; path = InfoAboutPets.swift; sourceTree = "<group>"; };
		5459480F2924C8630088B3BC /* InfoAboutDevelopers.swift */ = {isa = PBXFileReference; lastKnownFileType = sourcecode.swift; path = InfoAboutDevelopers.swift; sourceTree = "<group>"; };
		92795B9F292795590025FE55 /* PetCollectionViewCell.swift */ = {isa = PBXFileReference; lastKnownFileType = sourcecode.swift; path = PetCollectionViewCell.swift; sourceTree = "<group>"; };
/* End PBXFileReference section */

/* Begin PBXFrameworksBuildPhase section */
		545947F12924B3A50088B3BC /* Frameworks */ = {
			isa = PBXFrameworksBuildPhase;
			buildActionMask = 2147483647;
			files = (
			);
			runOnlyForDeploymentPostprocessing = 0;
		};
/* End PBXFrameworksBuildPhase section */

/* Begin PBXGroup section */
		541A7B5129264739005091DC /* Services */ = {
			isa = PBXGroup;
			children = (
				541A7B4F29264736005091DC /* DataStore.swift */,
			);
			path = Services;
			sourceTree = "<group>";
		};
		54417070292515AE00F32C04 /* ViewControllers */ = {
			isa = PBXGroup;
			children = (
				92795B9F292795590025FE55 /* PetCollectionViewCell.swift */,
				545947FB2924B3A50088B3BC /* StartViewController.swift */,
				5459480F2924C8630088B3BC /* InfoAboutDevelopers.swift */,
				5459480D2924C4610088B3BC /* InfoAboutPets.swift */,
				5459480B2924C4230088B3BC /* CollectionViewController.swift */,
			);
			path = ViewControllers;
			sourceTree = "<group>";
		};
		54417071292515D600F32C04 /* Storyboards */ = {
			isa = PBXGroup;
			children = (
				545947FD2924B3A50088B3BC /* Main.storyboard */,
				545948022924B3A70088B3BC /* LaunchScreen.storyboard */,
			);
			path = Storyboards;
			sourceTree = "<group>";
		};
		544170722925160100F32C04 /* SupportFiles */ = {
			isa = PBXGroup;
			children = (
				545947F72924B3A50088B3BC /* AppDelegate.swift */,
				545947F92924B3A50088B3BC /* SceneDelegate.swift */,
			);
			path = SupportFiles;
			sourceTree = "<group>";
		};
		544170752925165100F32C04 /* Models */ = {
			isa = PBXGroup;
			children = (
				544170732925164500F32C04 /* Models.swift */,
			);
			path = Models;
			sourceTree = "<group>";
		};
		545947EB2924B3A50088B3BC = {
			isa = PBXGroup;
			children = (
				545947F62924B3A50088B3BC /* FindFriend */,
				545947F52924B3A50088B3BC /* Products */,
			);
			sourceTree = "<group>";
		};
		545947F52924B3A50088B3BC /* Products */ = {
			isa = PBXGroup;
			children = (
				545947F42924B3A50088B3BC /* FindFriend.app */,
			);
			name = Products;
			sourceTree = "<group>";
		};
		545947F62924B3A50088B3BC /* FindFriend */ = {
			isa = PBXGroup;
			children = (
				54417070292515AE00F32C04 /* ViewControllers */,
				544170752925165100F32C04 /* Models */,
				541A7B5129264739005091DC /* Services */,
				54417071292515D600F32C04 /* Storyboards */,
				544170722925160100F32C04 /* SupportFiles */,
				545948002924B3A70088B3BC /* Assets.xcassets */,
				545948052924B3A70088B3BC /* Info.plist */,
			);
			path = FindFriend;
			sourceTree = "<group>";
		};
/* End PBXGroup section */

/* Begin PBXNativeTarget section */
		545947F32924B3A50088B3BC /* FindFriend */ = {
			isa = PBXNativeTarget;
			buildConfigurationList = 545948082924B3A70088B3BC /* Build configuration list for PBXNativeTarget "FindFriend" */;
			buildPhases = (
				545947F02924B3A50088B3BC /* Sources */,
				545947F12924B3A50088B3BC /* Frameworks */,
				545947F22924B3A50088B3BC /* Resources */,
			);
			buildRules = (
			);
			dependencies = (
			);
			name = FindFriend;
			productName = FindFriend;
			productReference = 545947F42924B3A50088B3BC /* FindFriend.app */;
			productType = "com.apple.product-type.application";
		};
/* End PBXNativeTarget section */

/* Begin PBXProject section */
		545947EC2924B3A50088B3BC /* Project object */ = {
			isa = PBXProject;
			attributes = {
				BuildIndependentTargetsInParallel = 1;
				LastSwiftUpdateCheck = 1410;
				LastUpgradeCheck = 1410;
				TargetAttributes = {
					545947F32924B3A50088B3BC = {
						CreatedOnToolsVersion = 14.1;
					};
				};
			};
			buildConfigurationList = 545947EF2924B3A50088B3BC /* Build configuration list for PBXProject "FindFriend" */;
			compatibilityVersion = "Xcode 14.0";
			developmentRegion = en;
			hasScannedForEncodings = 0;
			knownRegions = (
				en,
				Base,
			);
			mainGroup = 545947EB2924B3A50088B3BC;
			productRefGroup = 545947F52924B3A50088B3BC /* Products */;
			projectDirPath = "";
			projectRoot = "";
			targets = (
				545947F32924B3A50088B3BC /* FindFriend */,
			);
		};
/* End PBXProject section */

/* Begin PBXResourcesBuildPhase section */
		545947F22924B3A50088B3BC /* Resources */ = {
			isa = PBXResourcesBuildPhase;
			buildActionMask = 2147483647;
			files = (
				545948042924B3A70088B3BC /* LaunchScreen.storyboard in Resources */,
				545948012924B3A70088B3BC /* Assets.xcassets in Resources */,
				545947FF2924B3A50088B3BC /* Main.storyboard in Resources */,
			);
			runOnlyForDeploymentPostprocessing = 0;
		};
/* End PBXResourcesBuildPhase section */

/* Begin PBXSourcesBuildPhase section */
		545947F02924B3A50088B3BC /* Sources */ = {
			isa = PBXSourcesBuildPhase;
			buildActionMask = 2147483647;
			files = (
				5459480C2924C4230088B3BC /* CollectionViewController.swift in Sources */,
				541A7B5029264736005091DC /* DataStore.swift in Sources */,
				92795BA0292795590025FE55 /* PetCollectionViewCell.swift in Sources */,
				545947FC2924B3A50088B3BC /* StartViewController.swift in Sources */,
				545947F82924B3A50088B3BC /* AppDelegate.swift in Sources */,
				5459480E2924C4610088B3BC /* InfoAboutPets.swift in Sources */,
				545948102924C8630088B3BC /* InfoAboutDevelopers.swift in Sources */,
				545947FA2924B3A50088B3BC /* SceneDelegate.swift in Sources */,
				544170742925164500F32C04 /* Models.swift in Sources */,
			);
			runOnlyForDeploymentPostprocessing = 0;
		};
/* End PBXSourcesBuildPhase section */

/* Begin PBXVariantGroup section */
		545947FD2924B3A50088B3BC /* Main.storyboard */ = {
			isa = PBXVariantGroup;
			children = (
				545947FE2924B3A50088B3BC /* Base */,
			);
			name = Main.storyboard;
			sourceTree = "<group>";
		};
		545948022924B3A70088B3BC /* LaunchScreen.storyboard */ = {
			isa = PBXVariantGroup;
			children = (
				545948032924B3A70088B3BC /* Base */,
			);
			name = LaunchScreen.storyboard;
			sourceTree = "<group>";
		};
/* End PBXVariantGroup section */

/* Begin XCBuildConfiguration section */
		545948062924B3A70088B3BC /* Debug */ = {
			isa = XCBuildConfiguration;
			buildSettings = {
				ALWAYS_SEARCH_USER_PATHS = NO;
				CLANG_ANALYZER_NONNULL = YES;
				CLANG_ANALYZER_NUMBER_OBJECT_CONVERSION = YES_AGGRESSIVE;
				CLANG_CXX_LANGUAGE_STANDARD = "gnu++20";
				CLANG_ENABLE_MODULES = YES;
				CLANG_ENABLE_OBJC_ARC = YES;
				CLANG_ENABLE_OBJC_WEAK = YES;
				CLANG_WARN_BLOCK_CAPTURE_AUTORELEASING = YES;
				CLANG_WARN_BOOL_CONVERSION = YES;
				CLANG_WARN_COMMA = YES;
				CLANG_WARN_CONSTANT_CONVERSION = YES;
				CLANG_WARN_DEPRECATED_OBJC_IMPLEMENTATIONS = YES;
				CLANG_WARN_DIRECT_OBJC_ISA_USAGE = YES_ERROR;
				CLANG_WARN_DOCUMENTATION_COMMENTS = YES;
				CLANG_WARN_EMPTY_BODY = YES;
				CLANG_WARN_ENUM_CONVERSION = YES;
				CLANG_WARN_INFINITE_RECURSION = YES;
				CLANG_WARN_INT_CONVERSION = YES;
				CLANG_WARN_NON_LITERAL_NULL_CONVERSION = YES;
				CLANG_WARN_OBJC_IMPLICIT_RETAIN_SELF = YES;
				CLANG_WARN_OBJC_LITERAL_CONVERSION = YES;
				CLANG_WARN_OBJC_ROOT_CLASS = YES_ERROR;
				CLANG_WARN_QUOTED_INCLUDE_IN_FRAMEWORK_HEADER = YES;
				CLANG_WARN_RANGE_LOOP_ANALYSIS = YES;
				CLANG_WARN_STRICT_PROTOTYPES = YES;
				CLANG_WARN_SUSPICIOUS_MOVE = YES;
				CLANG_WARN_UNGUARDED_AVAILABILITY = YES_AGGRESSIVE;
				CLANG_WARN_UNREACHABLE_CODE = YES;
				CLANG_WARN__DUPLICATE_METHOD_MATCH = YES;
				COPY_PHASE_STRIP = NO;
				DEBUG_INFORMATION_FORMAT = dwarf;
				ENABLE_STRICT_OBJC_MSGSEND = YES;
				ENABLE_TESTABILITY = YES;
				GCC_C_LANGUAGE_STANDARD = gnu11;
				GCC_DYNAMIC_NO_PIC = NO;
				GCC_NO_COMMON_BLOCKS = YES;
				GCC_OPTIMIZATION_LEVEL = 0;
				GCC_PREPROCESSOR_DEFINITIONS = (
					"DEBUG=1",
					"$(inherited)",
				);
				GCC_WARN_64_TO_32_BIT_CONVERSION = YES;
				GCC_WARN_ABOUT_RETURN_TYPE = YES_ERROR;
				GCC_WARN_UNDECLARED_SELECTOR = YES;
				GCC_WARN_UNINITIALIZED_AUTOS = YES_AGGRESSIVE;
				GCC_WARN_UNUSED_FUNCTION = YES;
				GCC_WARN_UNUSED_VARIABLE = YES;
				IPHONEOS_DEPLOYMENT_TARGET = 16.1;
				MTL_ENABLE_DEBUG_INFO = INCLUDE_SOURCE;
				MTL_FAST_MATH = YES;
				ONLY_ACTIVE_ARCH = YES;
				SDKROOT = iphoneos;
				SWIFT_ACTIVE_COMPILATION_CONDITIONS = DEBUG;
				SWIFT_OPTIMIZATION_LEVEL = "-Onone";
			};
			name = Debug;
		};
		545948072924B3A70088B3BC /* Release */ = {
			isa = XCBuildConfiguration;
			buildSettings = {
				ALWAYS_SEARCH_USER_PATHS = NO;
				CLANG_ANALYZER_NONNULL = YES;
				CLANG_ANALYZER_NUMBER_OBJECT_CONVERSION = YES_AGGRESSIVE;
				CLANG_CXX_LANGUAGE_STANDARD = "gnu++20";
				CLANG_ENABLE_MODULES = YES;
				CLANG_ENABLE_OBJC_ARC = YES;
				CLANG_ENABLE_OBJC_WEAK = YES;
				CLANG_WARN_BLOCK_CAPTURE_AUTORELEASING = YES;
				CLANG_WARN_BOOL_CONVERSION = YES;
				CLANG_WARN_COMMA = YES;
				CLANG_WARN_CONSTANT_CONVERSION = YES;
				CLANG_WARN_DEPRECATED_OBJC_IMPLEMENTATIONS = YES;
				CLANG_WARN_DIRECT_OBJC_ISA_USAGE = YES_ERROR;
				CLANG_WARN_DOCUMENTATION_COMMENTS = YES;
				CLANG_WARN_EMPTY_BODY = YES;
				CLANG_WARN_ENUM_CONVERSION = YES;
				CLANG_WARN_INFINITE_RECURSION = YES;
				CLANG_WARN_INT_CONVERSION = YES;
				CLANG_WARN_NON_LITERAL_NULL_CONVERSION = YES;
				CLANG_WARN_OBJC_IMPLICIT_RETAIN_SELF = YES;
				CLANG_WARN_OBJC_LITERAL_CONVERSION = YES;
				CLANG_WARN_OBJC_ROOT_CLASS = YES_ERROR;
				CLANG_WARN_QUOTED_INCLUDE_IN_FRAMEWORK_HEADER = YES;
				CLANG_WARN_RANGE_LOOP_ANALYSIS = YES;
				CLANG_WARN_STRICT_PROTOTYPES = YES;
				CLANG_WARN_SUSPICIOUS_MOVE = YES;
				CLANG_WARN_UNGUARDED_AVAILABILITY = YES_AGGRESSIVE;
				CLANG_WARN_UNREACHABLE_CODE = YES;
				CLANG_WARN__DUPLICATE_METHOD_MATCH = YES;
				COPY_PHASE_STRIP = NO;
				DEBUG_INFORMATION_FORMAT = "dwarf-with-dsym";
				ENABLE_NS_ASSERTIONS = NO;
				ENABLE_STRICT_OBJC_MSGSEND = YES;
				GCC_C_LANGUAGE_STANDARD = gnu11;
				GCC_NO_COMMON_BLOCKS = YES;
				GCC_WARN_64_TO_32_BIT_CONVERSION = YES;
				GCC_WARN_ABOUT_RETURN_TYPE = YES_ERROR;
				GCC_WARN_UNDECLARED_SELECTOR = YES;
				GCC_WARN_UNINITIALIZED_AUTOS = YES_AGGRESSIVE;
				GCC_WARN_UNUSED_FUNCTION = YES;
				GCC_WARN_UNUSED_VARIABLE = YES;
				IPHONEOS_DEPLOYMENT_TARGET = 16.1;
				MTL_ENABLE_DEBUG_INFO = NO;
				MTL_FAST_MATH = YES;
				SDKROOT = iphoneos;
				SWIFT_COMPILATION_MODE = wholemodule;
				SWIFT_OPTIMIZATION_LEVEL = "-O";
				VALIDATE_PRODUCT = YES;
			};
			name = Release;
		};
		545948092924B3A70088B3BC /* Debug */ = {
			isa = XCBuildConfiguration;
			buildSettings = {
				ASSETCATALOG_COMPILER_APPICON_NAME = AppIcon;
				ASSETCATALOG_COMPILER_GLOBAL_ACCENT_COLOR_NAME = AccentColor;
				CODE_SIGN_STYLE = Automatic;
				CURRENT_PROJECT_VERSION = 1;
				DEVELOPMENT_TEAM = G948D9S888;
				GENERATE_INFOPLIST_FILE = YES;
				INFOPLIST_FILE = FindFriend/Info.plist;
				INFOPLIST_KEY_UIApplicationSupportsIndirectInputEvents = YES;
				INFOPLIST_KEY_UILaunchStoryboardName = LaunchScreen;
				INFOPLIST_KEY_UIMainStoryboardFile = Main;
				INFOPLIST_KEY_UISupportedInterfaceOrientations_iPad = "UIInterfaceOrientationPortrait UIInterfaceOrientationPortraitUpsideDown UIInterfaceOrientationLandscapeLeft UIInterfaceOrientationLandscapeRight";
				INFOPLIST_KEY_UISupportedInterfaceOrientations_iPhone = "UIInterfaceOrientationPortrait UIInterfaceOrientationLandscapeLeft UIInterfaceOrientationLandscapeRight";
				LD_RUNPATH_SEARCH_PATHS = (
					"$(inherited)",
					"@executable_path/Frameworks",
				);
				MARKETING_VERSION = 1.0;
				PRODUCT_BUNDLE_IDENTIFIER = "Gennady-Vedernikov.FindFriend";
				PRODUCT_NAME = "$(TARGET_NAME)";
				SWIFT_EMIT_LOC_STRINGS = YES;
				SWIFT_VERSION = 5.0;
				TARGETED_DEVICE_FAMILY = "1,2";
			};
			name = Debug;
		};
		5459480A2924B3A70088B3BC /* Release */ = {
			isa = XCBuildConfiguration;
			buildSettings = {
				ASSETCATALOG_COMPILER_APPICON_NAME = AppIcon;
				ASSETCATALOG_COMPILER_GLOBAL_ACCENT_COLOR_NAME = AccentColor;
				CODE_SIGN_STYLE = Automatic;
				CURRENT_PROJECT_VERSION = 1;
				DEVELOPMENT_TEAM = G948D9S888;
				GENERATE_INFOPLIST_FILE = YES;
				INFOPLIST_FILE = FindFriend/Info.plist;
				INFOPLIST_KEY_UIApplicationSupportsIndirectInputEvents = YES;
				INFOPLIST_KEY_UILaunchStoryboardName = LaunchScreen;
				INFOPLIST_KEY_UIMainStoryboardFile = Main;
				INFOPLIST_KEY_UISupportedInterfaceOrientations_iPad = "UIInterfaceOrientationPortrait UIInterfaceOrientationPortraitUpsideDown UIInterfaceOrientationLandscapeLeft UIInterfaceOrientationLandscapeRight";
				INFOPLIST_KEY_UISupportedInterfaceOrientations_iPhone = "UIInterfaceOrientationPortrait UIInterfaceOrientationLandscapeLeft UIInterfaceOrientationLandscapeRight";
				LD_RUNPATH_SEARCH_PATHS = (
					"$(inherited)",
					"@executable_path/Frameworks",
				);
				MARKETING_VERSION = 1.0;
				PRODUCT_BUNDLE_IDENTIFIER = "Gennady-Vedernikov.FindFriend";
				PRODUCT_NAME = "$(TARGET_NAME)";
				SWIFT_EMIT_LOC_STRINGS = YES;
				SWIFT_VERSION = 5.0;
				TARGETED_DEVICE_FAMILY = "1,2";
			};
			name = Release;
		};
/* End XCBuildConfiguration section */

/* Begin XCConfigurationList section */
		545947EF2924B3A50088B3BC /* Build configuration list for PBXProject "FindFriend" */ = {
			isa = XCConfigurationList;
			buildConfigurations = (
				545948062924B3A70088B3BC /* Debug */,
				545948072924B3A70088B3BC /* Release */,
			);
			defaultConfigurationIsVisible = 0;
			defaultConfigurationName = Release;
		};
		545948082924B3A70088B3BC /* Build configuration list for PBXNativeTarget "FindFriend" */ = {
			isa = XCConfigurationList;
			buildConfigurations = (
				545948092924B3A70088B3BC /* Debug */,
				5459480A2924B3A70088B3BC /* Release */,
			);
			defaultConfigurationIsVisible = 0;
			defaultConfigurationName = Release;
		};
/* End XCConfigurationList section */
	};
	rootObject = 545947EC2924B3A50088B3BC /* Project object */;
}
